
Microsoft Visual Studio Solution File, Format Version 11.00
# Visual Studio 2010
Project("{FAE04EC0-301F-11D3-BF4B-00C04F79EFBC}") = "Graber", "Graber.csproj", "{F0C8672F-85B6-4BDC-B1BF-4C93CE4C58DA}"
EndProject
Global
	GlobalSection(SolutionConfigurationPlatforms) = preSolution
		Debug|x86 = Debug|x86
		Release|x86 = Release|x86
	EndGlobalSection
	GlobalSection(ProjectConfigurationPlatforms) = postSolution
		{F0C8672F-85B6-4BDC-B1BF-4C93CE4C58DA}.Debug|x86.ActiveCfg = Debug|x86
		{F0C8672F-85B6-4BDC-B1BF-4C93CE4C58DA}.Debug|x86.Build.0 = Debug|x86
		{F0C8672F-85B6-4BDC-B1BF-4C93CE4C58DA}.Release|x86.ActiveCfg = Release|x86
		{F0C8672F-85B6-4BDC-B1BF-4C93CE4C58DA}.Release|x86.Build.0 = Release|x86
	EndGlobalSection
	GlobalSection(SolutionProperties) = preSolution
		HideSolutionNode = FALSE
	EndGlobalSection
EndGlobal
